# DO NOT EDIT MANUALLY - Managed by Fern Replay
version: "1.0"
generations:
  - commit_sha: e9aa0d1e50f96d5ff9758e260a37905362cecd01
    tree_hash: 57dace48f65a8569994711ae46d66f5b39444c0b
    timestamp: 2026-05-20T09:13:14.360Z
    cli_version: unknown
    generator_versions: {}
current_generation: e9aa0d1e50f96d5ff9758e260a37905362cecd01
patches: []
