# DO NOT EDIT MANUALLY - Managed by Fern Replay
version: "1.0"
generations:
  - commit_sha: e9aa0d1e50f96d5ff9758e260a37905362cecd01
    tree_hash: 57dace48f65a8569994711ae46d66f5b39444c0b
    timestamp: 2026-05-20T09:13:14.360Z
    cli_version: unknown
    generator_versions: {}
  - commit_sha: e676b3e427f7e1adf9aa51ecd7a8039822b42369
    tree_hash: 253697a719600437ea787da46112665804c4f936
    timestamp: 2026-07-09T09:14:22.970Z
    cli_version: unknown
    generator_versions:
      fernapi/fern-csharp-sdk: 2.20.5
  - commit_sha: b642f61351fcaaacd7eecf6d9a6b0b8aa5fcef3e
    tree_hash: 9c72dfd6787263360db43bc74ae3381b8627c3e7
    timestamp: 2026-07-12T20:23:40.931Z
    cli_version: unknown
    generator_versions:
      fernapi/fern-csharp-sdk: 2.20.5
  - commit_sha: 29cac7dbc5fd5b5e040b430cac0ded872b71c293
    tree_hash: 1058e1897545c0914b66602c8f69dff6fe1728da
    timestamp: 2026-07-13T07:16:30.768Z
    cli_version: unknown
    generator_versions:
      fernapi/fern-csharp-sdk: 2.20.5
  - commit_sha: 13e24369302742cd1b2c68ca0f6e853f3f30642e
    tree_hash: 82caf2788dbbda27c3048f0a64614126dbe302d8
    timestamp: 2026-07-15T08:23:16.658Z
    cli_version: unknown
    generator_versions:
      fernapi/fern-csharp-sdk: 2.20.5
  - commit_sha: d974505e03dd35d4c9b9acd0d6cf5c2a6552b97d
    tree_hash: 3ae58c0328c3502107e57aa97b731723935c9d7e
    timestamp: 2026-07-20T11:12:08.832Z
    cli_version: unknown
    generator_versions:
      fernapi/fern-csharp-sdk: 2.20.5
  - commit_sha: b13b1f8ec0ed307a80ef50b8b21a67d5cd123f89
    tree_hash: 6ee4fa3dd52e97f0ee9b4ec540c8eb4b7bde59dd
    timestamp: 2026-07-20T16:13:42.440Z
    cli_version: unknown
    generator_versions:
      fernapi/fern-csharp-sdk: 2.20.5
  - commit_sha: 536a1f0bf4593f337dedba70a6ed8306e55eb940
    tree_hash: 60d575f4943109d5dced2c2270d4dea76370ea11
    timestamp: 2026-07-22T07:59:30.505Z
    cli_version: unknown
    generator_versions:
      fernapi/fern-csharp-sdk: 2.20.5
  - commit_sha: faa937d4e50023490a38f9b5042ce8584c90b643
    tree_hash: 3c0630ceb9f5f227465116ec3cf4b4262f8fb267
    timestamp: 2026-07-23T10:05:50.616Z
    cli_version: unknown
    generator_versions:
      fernapi/fern-csharp-sdk: 2.20.5
  - commit_sha: 5f4632c85923a8a453930c6f84013104edbb70a0
    tree_hash: fb032160e86ee885c9327f787e9d3753355d5042
    timestamp: 2026-07-23T14:37:40.956Z
    cli_version: unknown
    generator_versions:
      fernapi/fern-csharp-sdk: 2.20.5
  - commit_sha: 7f86c356073611da6d617e7172019632680b3b34
    tree_hash: 767ce089f9b51169d1449546c9100eaff3ec17e7
    timestamp: 2026-07-24T08:10:04.930Z
    cli_version: unknown
    generator_versions:
      fernapi/fern-csharp-sdk: 2.20.5
  - commit_sha: d6121cdbffbe68151968dd175d49dc0be23ef0d7
    tree_hash: cd623283cbf4494878be0680d94b7e1c20cdeb2c
    timestamp: 2026-07-24T12:28:01.900Z
    cli_version: unknown
    generator_versions:
      fernapi/fern-csharp-sdk: 2.20.5
  - commit_sha: e957282ff5bb47d27ae826d0d5c0cbd083ef6796
    tree_hash: c126758120887973baca5d43ce7deaddff836180
    timestamp: 2026-07-27T08:55:22.125Z
    cli_version: unknown
    generator_versions:
      fernapi/fern-csharp-sdk: 2.20.5
  - commit_sha: 1d1cb6c9a3fcde17892a3cbf130b45824cd99a23
    tree_hash: 75d46fd9a85a1e7b98f33a537d1ac11b3d7193c9
    timestamp: 2026-07-27T13:46:33.028Z
    cli_version: unknown
    generator_versions:
      fernapi/fern-csharp-sdk: 2.20.5
  - commit_sha: 2579263e6ea122cd0f7e497029a661d4050a8253
    tree_hash: cf2ea96c788ad98540c0663e4a89e68ebfe258f5
    timestamp: 2026-07-28T07:34:45.699Z
    cli_version: unknown
    generator_versions:
      fernapi/fern-csharp-sdk: 2.20.5
  - commit_sha: ca9fcd4fcfcd2c17445f3fc33b602d6cbb31e9f1
    tree_hash: 3b4e6411fea10f7c3bc52d25d05f3807b6470f08
    timestamp: 2026-07-28T12:58:08.459Z
    cli_version: unknown
    generator_versions:
      fernapi/fern-csharp-sdk: 2.20.5
  - commit_sha: 32191bf838cffbe0603a278400f58e6d7c202e33
    tree_hash: 4064fc1acbf68c6127e3aaa143a1b18f90e60a11
    timestamp: 2026-07-29T08:44:52.391Z
    cli_version: unknown
    generator_versions:
      fernapi/fern-csharp-sdk: 2.20.5
  - commit_sha: e33132170484bbb3b65acc6d6ae91eac3e2aab0b
    tree_hash: 0cd3d62a98322d20616e8c5681c190c0d657a3e0
    timestamp: 2026-07-29T09:12:08.504Z
    cli_version: unknown
    generator_versions:
      fernapi/fern-csharp-sdk: 2.20.5
  - commit_sha: 4d7c53ca6f704ecdedadd4c5b9a50cd04496ab73
    tree_hash: 7483beb1f71f60b3707987b6befa5632c4393fcc
    timestamp: 2026-07-31T10:32:33.406Z
    cli_version: unknown
    generator_versions:
      fernapi/fern-csharp-sdk: 2.20.5
  - commit_sha: 17da96a020a64f68a70ca0c674a9f4618118d26d
    tree_hash: 11004b1d62a1d9643c6c3a5a116c1207048adac2
    timestamp: 2026-08-03T12:16:04.039Z
    cli_version: unknown
    generator_versions:
      fernapi/fern-csharp-sdk: 2.20.5
  - commit_sha: 4a3f3034e4f578059da32a587d6ac5228d256ad8
    tree_hash: 688c6c9d3f835443377a0d231ec03d545d4b5fd8
    timestamp: 2026-08-04T10:35:53.655Z
    cli_version: unknown
    generator_versions:
      fernapi/fern-csharp-sdk: 2.20.5
  - commit_sha: fe8ab20433219f0ee91885d26e0fd1b9ad222835
    tree_hash: 92dca821da8836c3921e96f2d8e116977fb4f792
    timestamp: 2026-08-04T14:38:19.186Z
    cli_version: unknown
    generator_versions:
      fernapi/fern-csharp-sdk: 2.20.5
current_generation: fe8ab20433219f0ee91885d26e0fd1b9ad222835
patches: []
