# DO NOT EDIT MANUALLY - Managed by Fern Replay
version: "1.0"
generations:
  - commit_sha: e9aa0d1e50f96d5ff9758e260a37905362cecd01
    tree_hash: 57dace48f65a8569994711ae46d66f5b39444c0b
    timestamp: 2026-05-20T09:13:14.360Z
    cli_version: unknown
    generator_versions: {}
  - commit_sha: e676b3e427f7e1adf9aa51ecd7a8039822b42369
    tree_hash: 253697a719600437ea787da46112665804c4f936
    timestamp: 2026-07-09T09:14:22.970Z
    cli_version: unknown
    generator_versions:
      fernapi/fern-csharp-sdk: 2.20.5
  - commit_sha: b642f61351fcaaacd7eecf6d9a6b0b8aa5fcef3e
    tree_hash: 9c72dfd6787263360db43bc74ae3381b8627c3e7
    timestamp: 2026-07-12T20:23:40.931Z
    cli_version: unknown
    generator_versions:
      fernapi/fern-csharp-sdk: 2.20.5
  - commit_sha: 29cac7dbc5fd5b5e040b430cac0ded872b71c293
    tree_hash: 1058e1897545c0914b66602c8f69dff6fe1728da
    timestamp: 2026-07-13T07:16:30.768Z
    cli_version: unknown
    generator_versions:
      fernapi/fern-csharp-sdk: 2.20.5
current_generation: 29cac7dbc5fd5b5e040b430cac0ded872b71c293
patches: []
