
Microsoft Visual Studio Solution File, Format Version 12.00
# Visual Studio Version 17
VisualStudioVersion = 17.0.31903.59
MinimumVisualStudioVersion = 10.0.40219.1
Project("{FAE04EC0-301F-11D3-BF4B-00C04F79EFBC}") = "Samsara.Net", "Samsara.Net\Samsara.Net.csproj", "{0C834E09-9911-4127-9287-F146EBDCF110}"
EndProject
Project("{FAE04EC0-301F-11D3-BF4B-00C04F79EFBC}") = "Samsara.Net.Test", "Samsara.Net.Test\Samsara.Net.Test.csproj", "{23FAD499-2D10-4138-861E-C6AB836728B3}"
EndProject
Global
	GlobalSection(SolutionConfigurationPlatforms) = preSolution
		Debug|Any CPU = Debug|Any CPU
		Release|Any CPU = Release|Any CPU
	EndGlobalSection
	GlobalSection(SolutionProperties) = preSolution
		HideSolutionNode = FALSE
	EndGlobalSection
	GlobalSection(ProjectConfigurationPlatforms) = postSolution
		{0C834E09-9911-4127-9287-F146EBDCF110}.Debug|Any CPU.ActiveCfg = Debug|Any CPU
		{0C834E09-9911-4127-9287-F146EBDCF110}.Debug|Any CPU.Build.0 = Debug|Any CPU
		{0C834E09-9911-4127-9287-F146EBDCF110}.Release|Any CPU.ActiveCfg = Release|Any CPU
		{0C834E09-9911-4127-9287-F146EBDCF110}.Release|Any CPU.Build.0 = Release|Any CPU
		{23FAD499-2D10-4138-861E-C6AB836728B3}.Debug|Any CPU.ActiveCfg = Debug|Any CPU
		{23FAD499-2D10-4138-861E-C6AB836728B3}.Debug|Any CPU.Build.0 = Debug|Any CPU
		{23FAD499-2D10-4138-861E-C6AB836728B3}.Release|Any CPU.ActiveCfg = Release|Any CPU
		{23FAD499-2D10-4138-861E-C6AB836728B3}.Release|Any CPU.Build.0 = Release|Any CPU
	EndGlobalSection
EndGlobal
