
Microsoft Visual Studio Solution File, Format Version 12.00
# Visual Studio Version 17
VisualStudioVersion = 17.0.31903.59
MinimumVisualStudioVersion = 10.0.40219.1
Project("{FAE04EC0-301F-11D3-BF4B-00C04F79EFBC}") = "Samsara.Net", "Samsara.Net\Samsara.Net.csproj", "{D8485966-9F87-4F02-9093-0275FF56B71C}"
EndProject
Project("{FAE04EC0-301F-11D3-BF4B-00C04F79EFBC}") = "Samsara.Net.Test", "Samsara.Net.Test\Samsara.Net.Test.csproj", "{66514333-168C-4D4F-9D7B-6714AE5DE684}"
EndProject
Global
	GlobalSection(SolutionConfigurationPlatforms) = preSolution
		Debug|Any CPU = Debug|Any CPU
		Release|Any CPU = Release|Any CPU
	EndGlobalSection
	GlobalSection(SolutionProperties) = preSolution
		HideSolutionNode = FALSE
	EndGlobalSection
	GlobalSection(ProjectConfigurationPlatforms) = postSolution
		{D8485966-9F87-4F02-9093-0275FF56B71C}.Debug|Any CPU.ActiveCfg = Debug|Any CPU
		{D8485966-9F87-4F02-9093-0275FF56B71C}.Debug|Any CPU.Build.0 = Debug|Any CPU
		{D8485966-9F87-4F02-9093-0275FF56B71C}.Release|Any CPU.ActiveCfg = Release|Any CPU
		{D8485966-9F87-4F02-9093-0275FF56B71C}.Release|Any CPU.Build.0 = Release|Any CPU
		{66514333-168C-4D4F-9D7B-6714AE5DE684}.Debug|Any CPU.ActiveCfg = Debug|Any CPU
		{66514333-168C-4D4F-9D7B-6714AE5DE684}.Debug|Any CPU.Build.0 = Debug|Any CPU
		{66514333-168C-4D4F-9D7B-6714AE5DE684}.Release|Any CPU.ActiveCfg = Release|Any CPU
		{66514333-168C-4D4F-9D7B-6714AE5DE684}.Release|Any CPU.Build.0 = Release|Any CPU
	EndGlobalSection
EndGlobal
