
Microsoft Visual Studio Solution File, Format Version 12.00
# Visual Studio Version 17
VisualStudioVersion = 17.0.31903.59
MinimumVisualStudioVersion = 10.0.40219.1
Project("{FAE04EC0-301F-11D3-BF4B-00C04F79EFBC}") = "Samsara.Net", "Samsara.Net\Samsara.Net.csproj", "{FB2A8163-41E2-4612-B633-0E390B6AEA04}"
EndProject
Project("{FAE04EC0-301F-11D3-BF4B-00C04F79EFBC}") = "Samsara.Net.Test", "Samsara.Net.Test\Samsara.Net.Test.csproj", "{E3964ACB-7FE5-405A-BD74-A8D42D339E4B}"
EndProject
Global
	GlobalSection(SolutionConfigurationPlatforms) = preSolution
		Debug|Any CPU = Debug|Any CPU
		Release|Any CPU = Release|Any CPU
	EndGlobalSection
	GlobalSection(SolutionProperties) = preSolution
		HideSolutionNode = FALSE
	EndGlobalSection
	GlobalSection(ProjectConfigurationPlatforms) = postSolution
		{FB2A8163-41E2-4612-B633-0E390B6AEA04}.Debug|Any CPU.ActiveCfg = Debug|Any CPU
		{FB2A8163-41E2-4612-B633-0E390B6AEA04}.Debug|Any CPU.Build.0 = Debug|Any CPU
		{FB2A8163-41E2-4612-B633-0E390B6AEA04}.Release|Any CPU.ActiveCfg = Release|Any CPU
		{FB2A8163-41E2-4612-B633-0E390B6AEA04}.Release|Any CPU.Build.0 = Release|Any CPU
		{E3964ACB-7FE5-405A-BD74-A8D42D339E4B}.Debug|Any CPU.ActiveCfg = Debug|Any CPU
		{E3964ACB-7FE5-405A-BD74-A8D42D339E4B}.Debug|Any CPU.Build.0 = Debug|Any CPU
		{E3964ACB-7FE5-405A-BD74-A8D42D339E4B}.Release|Any CPU.ActiveCfg = Release|Any CPU
		{E3964ACB-7FE5-405A-BD74-A8D42D339E4B}.Release|Any CPU.Build.0 = Release|Any CPU
	EndGlobalSection
EndGlobal
